
Microsoft Visual Studio Solution File, Format Version 12.00
# Visual Studio Version 17
VisualStudioVersion = 17.3.32819.101
MinimumVisualStudioVersion = 10.0.40219.1
Project("{FAE04EC0-301F-11D3-BF4B-00C04F79EFBC}") = "ChatBot", "ChatBot.csproj", "{F382E7A5-39D1-4C35-8CD0-4771D2A3FB2A}"
EndProject
Global
	GlobalSection(SolutionConfigurationPlatforms) = preSolution
		Debug|Any CPU = Debug|Any CPU
		Release|Any CPU = Release|Any CPU
	EndGlobalSection
	GlobalSection(ProjectConfigurationPlatforms) = postSolution
		{F382E7A5-39D1-4C35-8CD0-4771D2A3FB2A}.Debug|Any CPU.ActiveCfg = Debug|Any CPU
		{F382E7A5-39D1-4C35-8CD0-4771D2A3FB2A}.Debug|Any CPU.Build.0 = Debug|Any CPU
		{F382E7A5-39D1-4C35-8CD0-4771D2A3FB2A}.Release|Any CPU.ActiveCfg = Release|Any CPU
		{F382E7A5-39D1-4C35-8CD0-4771D2A3FB2A}.Release|Any CPU.Build.0 = Release|Any CPU
	EndGlobalSection
	GlobalSection(SolutionProperties) = preSolution
		HideSolutionNode = FALSE
	EndGlobalSection
	GlobalSection(ExtensibilityGlobals) = postSolution
		SolutionGuid = {7A105E78-8DEA-4506-A8C1-AD9DA85A6A3F}
	EndGlobalSection
EndGlobal
